
Microsoft Visual Studio Solution File, Format Version 12.00
# Visual Studio Version 16
VisualStudioVersion = 16.0.35026.282
MinimumVisualStudioVersion = 10.0.40219.1
Project("{9A19103F-16F7-4668-BE54-9A1E7A4F7556}") = "YouTubeViewers.WPF", "YouTubeViewers.WPF\YouTubeViewers.WPF.csproj", "{F413729A-0437-4C0A-9FBB-2D47BCA6E29D}"
EndProject
Project("{FAE04EC0-301F-11D3-BF4B-00C04F79EFBC}") = "YouTubeViewers.EntityFramework", "YouTubeViewers.EntityFramework\YouTubeViewers.EntityFramework.csproj", "{C58F3BA2-4325-4145-BA97-ABFBBF5DF1BD}"
EndProject
Project("{FAE04EC0-301F-11D3-BF4B-00C04F79EFBC}") = "YouTubeViewers.Domain", "YouTubeViewers.Domain\YouTubeViewers.Domain.csproj", "{D04A8C3D-78FB-4251-AC98-9CA8163A72C0}"
EndProject
Global
	GlobalSection(SolutionConfigurationPlatforms) = preSolution
		Debug|Any CPU = Debug|Any CPU
		Release|Any CPU = Release|Any CPU
	EndGlobalSection
	GlobalSection(ProjectConfigurationPlatforms) = postSolution
		{F413729A-0437-4C0A-9FBB-2D47BCA6E29D}.Debug|Any CPU.ActiveCfg = Debug|Any CPU
		{F413729A-0437-4C0A-9FBB-2D47BCA6E29D}.Debug|Any CPU.Build.0 = Debug|Any CPU
		{F413729A-0437-4C0A-9FBB-2D47BCA6E29D}.Release|Any CPU.ActiveCfg = Release|Any CPU
		{F413729A-0437-4C0A-9FBB-2D47BCA6E29D}.Release|Any CPU.Build.0 = Release|Any CPU
		{C58F3BA2-4325-4145-BA97-ABFBBF5DF1BD}.Debug|Any CPU.ActiveCfg = Debug|Any CPU
		{C58F3BA2-4325-4145-BA97-ABFBBF5DF1BD}.Debug|Any CPU.Build.0 = Debug|Any CPU
		{C58F3BA2-4325-4145-BA97-ABFBBF5DF1BD}.Release|Any CPU.ActiveCfg = Release|Any CPU
		{C58F3BA2-4325-4145-BA97-ABFBBF5DF1BD}.Release|Any CPU.Build.0 = Release|Any CPU
		{D04A8C3D-78FB-4251-AC98-9CA8163A72C0}.Debug|Any CPU.ActiveCfg = Debug|Any CPU
		{D04A8C3D-78FB-4251-AC98-9CA8163A72C0}.Debug|Any CPU.Build.0 = Debug|Any CPU
		{D04A8C3D-78FB-4251-AC98-9CA8163A72C0}.Release|Any CPU.ActiveCfg = Release|Any CPU
		{D04A8C3D-78FB-4251-AC98-9CA8163A72C0}.Release|Any CPU.Build.0 = Release|Any CPU
	EndGlobalSection
	GlobalSection(SolutionProperties) = preSolution
		HideSolutionNode = FALSE
	EndGlobalSection
	GlobalSection(ExtensibilityGlobals) = postSolution
		SolutionGuid = {7490D3BB-BCE4-4523-986F-010F00E0D727}
	EndGlobalSection
EndGlobal
